{
  "name": "gossip-site-blocker",
  "version": "1.2.0",
  "lockfileVersion": 1,
  "requires": true,
  "dependencies": {
    "@types/chrome": {
      "version": "0.0.72",
      "resolved": "https://registry.npmjs.org/@types/chrome/-/chrome-0.0.72.tgz",
      "integrity": "sha512-x4I7h7QBoq25Vh6LYxzawj+N+2GTW1MZZX9hawk6yo0TCJpKt8rHEHKa1x7dpHlKzlAl1F1we0P8jbFaEDowlw==",
      "dev": true,
      "requires": {
        "@types/filesystem": "*"
      }
    },
    "@types/filesystem": {
      "version": "0.0.28",
      "resolved": "https://registry.npmjs.org/@types/filesystem/-/filesystem-0.0.28.tgz",
      "integrity": "sha1-P9dzWDDyx0E8taxFeAvEWQRpew4=",
      "dev": true,
      "requires": {
        "@types/filewriter": "*"
      }
    },
    "@types/filewriter": {
      "version": "0.0.28",
      "resolved": "https://registry.npmjs.org/@types/filewriter/-/filewriter-0.0.28.tgz",
      "integrity": "sha1-wFTor02d11205jq8dviFFocU1LM=",
      "dev": true
    }
  }
}
